Microsoft Visual Studio Solution File, Format Version 12.00
# Visual Studio Version 17
VisualStudioVersion = 17.5.2.0
MinimumVisualStudioVersion = 10.0.40219.1
Project("{FAE04EC0-301F-11D3-BF4B-00C04F79EFBC}") = "meeting-app", "meeting-app.csproj", "{9DE14245-DE4E-FB2B-01B5-90793D0119C3}"
EndProject
Global
	GlobalSection(SolutionConfigurationPlatforms) = preSolution
		Debug|Any CPU = Debug|Any CPU
		Release|Any CPU = Release|Any CPU
	EndGlobalSection
	GlobalSection(ProjectConfigurationPlatforms) = postSolution
		{9DE14245-DE4E-FB2B-01B5-90793D0119C3}.Debug|Any CPU.ActiveCfg = Debug|Any CPU
		{9DE14245-DE4E-FB2B-01B5-90793D0119C3}.Debug|Any CPU.Build.0 = Debug|Any CPU
		{9DE14245-DE4E-FB2B-01B5-90793D0119C3}.Release|Any CPU.ActiveCfg = Release|Any CPU
		{9DE14245-DE4E-FB2B-01B5-90793D0119C3}.Release|Any CPU.Build.0 = Release|Any CPU
	EndGlobalSection
	GlobalSection(SolutionProperties) = preSolution
		HideSolutionNode = FALSE
	EndGlobalSection
	GlobalSection(ExtensibilityGlobals) = postSolution
		SolutionGuid = {DDED7180-5CD4-4A15-9636-A1B22721D746}
	EndGlobalSection
EndGlobal
